
Microsoft Visual Studio Solution File, Format Version 12.00
# Visual Studio 15
VisualStudioVersion = 15.0.27428.2015
MinimumVisualStudioVersion = 10.0.40219.1
Project("{FAE04EC0-301F-11D3-BF4B-00C04F79EFBC}") = "MailSenderWPF", "MailSenderWPF\MailSenderWPF.csproj", "{643F2218-98ED-44BE-A357-0BFCD29DD911}"
EndProject
Project("{FAE04EC0-301F-11D3-BF4B-00C04F79EFBC}") = "TabSwitcher", "TabSwitcher\TabSwitcher.csproj", "{8174892C-2162-4259-A946-D13D02D03144}"
EndProject
Project("{FAE04EC0-301F-11D3-BF4B-00C04F79EFBC}") = "MailSenderWPFTests", "MailSenderWPFTests\MailSenderWPFTests.csproj", "{AD5F900C-FBA3-4FBF-8A94-44793000B634}"
EndProject
Project("{FAE04EC0-301F-11D3-BF4B-00C04F79EFBC}") = "Lesson6_HomeWork Task1", "Lesson6_HomeWork\Lesson6_HomeWork Task1.csproj", "{563B49A5-701C-4A11-8347-DD8A56F76520}"
EndProject
Project("{FAE04EC0-301F-11D3-BF4B-00C04F79EFBC}") = "Lesson6_HomeWork_Task2", "Lesson6_HomeWork_Task2\Lesson6_HomeWork_Task2.csproj", "{686EEF4F-BC84-46FA-9397-0ECD576D0E61}"
EndProject
Project("{FAE04EC0-301F-11D3-BF4B-00C04F79EFBC}") = "Common", "Common\Common.csproj", "{38DD5FAC-F7D9-47C8-B2FE-4578CCC90B45}"
EndProject
Global
	GlobalSection(SolutionConfigurationPlatforms) = preSolution
		Debug|Any CPU = Debug|Any CPU
		Release|Any CPU = Release|Any CPU
	EndGlobalSection
	GlobalSection(ProjectConfigurationPlatforms) = postSolution
		{643F2218-98ED-44BE-A357-0BFCD29DD911}.Debug|Any CPU.ActiveCfg = Debug|Any CPU
		{643F2218-98ED-44BE-A357-0BFCD29DD911}.Debug|Any CPU.Build.0 = Debug|Any CPU
		{643F2218-98ED-44BE-A357-0BFCD29DD911}.Release|Any CPU.ActiveCfg = Release|Any CPU
		{643F2218-98ED-44BE-A357-0BFCD29DD911}.Release|Any CPU.Build.0 = Release|Any CPU
		{8174892C-2162-4259-A946-D13D02D03144}.Debug|Any CPU.ActiveCfg = Debug|Any CPU
		{8174892C-2162-4259-A946-D13D02D03144}.Debug|Any CPU.Build.0 = Debug|Any CPU
		{8174892C-2162-4259-A946-D13D02D03144}.Release|Any CPU.ActiveCfg = Release|Any CPU
		{8174892C-2162-4259-A946-D13D02D03144}.Release|Any CPU.Build.0 = Release|Any CPU
		{AD5F900C-FBA3-4FBF-8A94-44793000B634}.Debug|Any CPU.ActiveCfg = Debug|Any CPU
		{AD5F900C-FBA3-4FBF-8A94-44793000B634}.Debug|Any CPU.Build.0 = Debug|Any CPU
		{AD5F900C-FBA3-4FBF-8A94-44793000B634}.Release|Any CPU.ActiveCfg = Release|Any CPU
		{AD5F900C-FBA3-4FBF-8A94-44793000B634}.Release|Any CPU.Build.0 = Release|Any CPU
		{563B49A5-701C-4A11-8347-DD8A56F76520}.Debug|Any CPU.ActiveCfg = Debug|Any CPU
		{563B49A5-701C-4A11-8347-DD8A56F76520}.Debug|Any CPU.Build.0 = Debug|Any CPU
		{563B49A5-701C-4A11-8347-DD8A56F76520}.Release|Any CPU.ActiveCfg = Release|Any CPU
		{563B49A5-701C-4A11-8347-DD8A56F76520}.Release|Any CPU.Build.0 = Release|Any CPU
		{686EEF4F-BC84-46FA-9397-0ECD576D0E61}.Debug|Any CPU.ActiveCfg = Debug|Any CPU
		{686EEF4F-BC84-46FA-9397-0ECD576D0E61}.Debug|Any CPU.Build.0 = Debug|Any CPU
		{686EEF4F-BC84-46FA-9397-0ECD576D0E61}.Release|Any CPU.ActiveCfg = Release|Any CPU
		{686EEF4F-BC84-46FA-9397-0ECD576D0E61}.Release|Any CPU.Build.0 = Release|Any CPU
		{38DD5FAC-F7D9-47C8-B2FE-4578CCC90B45}.Debug|Any CPU.ActiveCfg = Debug|Any CPU
		{38DD5FAC-F7D9-47C8-B2FE-4578CCC90B45}.Debug|Any CPU.Build.0 = Debug|Any CPU
		{38DD5FAC-F7D9-47C8-B2FE-4578CCC90B45}.Release|Any CPU.ActiveCfg = Release|Any CPU
		{38DD5FAC-F7D9-47C8-B2FE-4578CCC90B45}.Release|Any CPU.Build.0 = Release|Any CPU
	EndGlobalSection
	GlobalSection(SolutionProperties) = preSolution
		HideSolutionNode = FALSE
	EndGlobalSection
	GlobalSection(ExtensibilityGlobals) = postSolution
		SolutionGuid = {D9D44BF7-C2E6-4220-84C0-DBCCB4073B4D}
	EndGlobalSection
EndGlobal
